
Microsoft Visual Studio Solution File, Format Version 12.00
# Visual Studio Version 17
VisualStudioVersion = 17.10.34607.79
MinimumVisualStudioVersion = 10.0.40219.1
Project("{FAE04EC0-301F-11D3-BF4B-00C04F79EFBC}") = "CosmosStudio.UI", "CosmosStudio.UI\CosmosStudio.UI.csproj", "{0E6F993C-0CE7-463E-86E6-E771AA33FDBF}"
EndProject
Global
	GlobalSection(SolutionConfigurationPlatforms) = preSolution
		Debug|Any CPU = Debug|Any CPU
		Release|Any CPU = Release|Any CPU
	EndGlobalSection
	GlobalSection(ProjectConfigurationPlatforms) = postSolution
		{0E6F993C-0CE7-463E-86E6-E771AA33FDBF}.Debug|Any CPU.ActiveCfg = Debug|Any CPU
		{0E6F993C-0CE7-463E-86E6-E771AA33FDBF}.Debug|Any CPU.Build.0 = Debug|Any CPU
		{0E6F993C-0CE7-463E-86E6-E771AA33FDBF}.Release|Any CPU.ActiveCfg = Release|Any CPU
		{0E6F993C-0CE7-463E-86E6-E771AA33FDBF}.Release|Any CPU.Build.0 = Release|Any CPU
	EndGlobalSection
	GlobalSection(SolutionProperties) = preSolution
		HideSolutionNode = FALSE
	EndGlobalSection
	GlobalSection(ExtensibilityGlobals) = postSolution
		SolutionGuid = {DDA68D0E-CC5C-4B4C-B2B6-F0577134E44D}
	EndGlobalSection
EndGlobal
